
Microsoft Visual Studio Solution File, Format Version 12.00
# Visual Studio 15
VisualStudioVersion = 15.0.27004.2006
MinimumVisualStudioVersion = 10.0.40219.1
Project("{FAE04EC0-301F-11D3-BF4B-00C04F79EFBC}") = "WpfApp1", "WpfApp1\WpfApp1.csproj", "{45A37935-DBDF-470D-BDF9-8E8BE359B2C0}"
EndProject
Global
	GlobalSection(SolutionConfigurationPlatforms) = preSolution
		Debug|Any CPU = Debug|Any CPU
		Release|Any CPU = Release|Any CPU
	EndGlobalSection
	GlobalSection(ProjectConfigurationPlatforms) = postSolution
		{45A37935-DBDF-470D-BDF9-8E8BE359B2C0}.Debug|Any CPU.ActiveCfg = Debug|Any CPU
		{45A37935-DBDF-470D-BDF9-8E8BE359B2C0}.Debug|Any CPU.Build.0 = Debug|Any CPU
		{45A37935-DBDF-470D-BDF9-8E8BE359B2C0}.Release|Any CPU.ActiveCfg = Release|Any CPU
		{45A37935-DBDF-470D-BDF9-8E8BE359B2C0}.Release|Any CPU.Build.0 = Release|Any CPU
	EndGlobalSection
	GlobalSection(SolutionProperties) = preSolution
		HideSolutionNode = FALSE
	EndGlobalSection
	GlobalSection(ExtensibilityGlobals) = postSolution
		SolutionGuid = {96917E1C-0518-49B5-96D4-E153B83EFD55}
	EndGlobalSection
EndGlobal
